
Microsoft Visual Studio Solution File, Format Version 12.00
# Visual Studio Version 17
VisualStudioVersion = 17.4.33205.214
MinimumVisualStudioVersion = 10.0.40219.1
Project("{FAE04EC0-301F-11D3-BF4B-00C04F79EFBC}") = "ConsoleApp7", "ConsoleApp7.csproj", "{08D0F57E-6982-433D-AD11-5E3D84A97915}"
EndProject
Global
	GlobalSection(SolutionConfigurationPlatforms) = preSolution
		Debug|Any CPU = Debug|Any CPU
		Release|Any CPU = Release|Any CPU
	EndGlobalSection
	GlobalSection(ProjectConfigurationPlatforms) = postSolution
		{08D0F57E-6982-433D-AD11-5E3D84A97915}.Debug|Any CPU.ActiveCfg = Debug|Any CPU
		{08D0F57E-6982-433D-AD11-5E3D84A97915}.Debug|Any CPU.Build.0 = Debug|Any CPU
		{08D0F57E-6982-433D-AD11-5E3D84A97915}.Release|Any CPU.ActiveCfg = Release|Any CPU
		{08D0F57E-6982-433D-AD11-5E3D84A97915}.Release|Any CPU.Build.0 = Release|Any CPU
	EndGlobalSection
	GlobalSection(SolutionProperties) = preSolution
		HideSolutionNode = FALSE
	EndGlobalSection
	GlobalSection(ExtensibilityGlobals) = postSolution
		SolutionGuid = {6B48C4FE-8F5B-4BF8-84C9-D15427E4099F}
	EndGlobalSection
EndGlobal
